
Microsoft Visual Studio Solution File, Format Version 12.00
# Visual Studio Version 16
VisualStudioVersion = 16.0.28803.156
MinimumVisualStudioVersion = 10.0.40219.1
Project("{8BC9CEB8-8B4A-11D0-8D11-00A0C91BC942}") = "std_cout", "std_cout\std_cout.vcxproj", "{A560E39C-BDC6-44D9-929D-A29B913C3BCD}"
EndProject
Project("{8BC9CEB8-8B4A-11D0-8D11-00A0C91BC942}") = "cout", "cout\cout.vcxproj", "{D43D5F12-14F2-49A8-A0DB-676F950A8E98}"
EndProject
Project("{8BC9CEB8-8B4A-11D0-8D11-00A0C91BC942}") = "cout2", "cout2\cout2.vcxproj", "{E90F053A-9986-452C-93AD-A444A38CF623}"
EndProject
Project("{8BC9CEB8-8B4A-11D0-8D11-00A0C91BC942}") = "std_rund", "std_rund\std_rund.vcxproj", "{26B29069-525A-4F4E-A2F7-A3F77674C2A6}"
EndProject
Global
	GlobalSection(SolutionConfigurationPlatforms) = preSolution
		Debug|x64 = Debug|x64
		Debug|x86 = Debug|x86
		Release|x64 = Release|x64
		Release|x86 = Release|x86
	EndGlobalSection
	GlobalSection(ProjectConfigurationPlatforms) = postSolution
		{A560E39C-BDC6-44D9-929D-A29B913C3BCD}.Debug|x64.ActiveCfg = Debug|x64
		{A560E39C-BDC6-44D9-929D-A29B913C3BCD}.Debug|x64.Build.0 = Debug|x64
		{A560E39C-BDC6-44D9-929D-A29B913C3BCD}.Debug|x86.ActiveCfg = Debug|Win32
		{A560E39C-BDC6-44D9-929D-A29B913C3BCD}.Debug|x86.Build.0 = Debug|Win32
		{A560E39C-BDC6-44D9-929D-A29B913C3BCD}.Release|x64.ActiveCfg = Release|x64
		{A560E39C-BDC6-44D9-929D-A29B913C3BCD}.Release|x64.Build.0 = Release|x64
		{A560E39C-BDC6-44D9-929D-A29B913C3BCD}.Release|x86.ActiveCfg = Release|Win32
		{A560E39C-BDC6-44D9-929D-A29B913C3BCD}.Release|x86.Build.0 = Release|Win32
		{D43D5F12-14F2-49A8-A0DB-676F950A8E98}.Debug|x64.ActiveCfg = Debug|x64
		{D43D5F12-14F2-49A8-A0DB-676F950A8E98}.Debug|x64.Build.0 = Debug|x64
		{D43D5F12-14F2-49A8-A0DB-676F950A8E98}.Debug|x86.ActiveCfg = Debug|Win32
		{D43D5F12-14F2-49A8-A0DB-676F950A8E98}.Debug|x86.Build.0 = Debug|Win32
		{D43D5F12-14F2-49A8-A0DB-676F950A8E98}.Release|x64.ActiveCfg = Release|x64
		{D43D5F12-14F2-49A8-A0DB-676F950A8E98}.Release|x64.Build.0 = Release|x64
		{D43D5F12-14F2-49A8-A0DB-676F950A8E98}.Release|x86.ActiveCfg = Release|Win32
		{D43D5F12-14F2-49A8-A0DB-676F950A8E98}.Release|x86.Build.0 = Release|Win32
		{E90F053A-9986-452C-93AD-A444A38CF623}.Debug|x64.ActiveCfg = Debug|x64
		{E90F053A-9986-452C-93AD-A444A38CF623}.Debug|x64.Build.0 = Debug|x64
		{E90F053A-9986-452C-93AD-A444A38CF623}.Debug|x86.ActiveCfg = Debug|Win32
		{E90F053A-9986-452C-93AD-A444A38CF623}.Debug|x86.Build.0 = Debug|Win32
		{E90F053A-9986-452C-93AD-A444A38CF623}.Release|x64.ActiveCfg = Release|x64
		{E90F053A-9986-452C-93AD-A444A38CF623}.Release|x64.Build.0 = Release|x64
		{E90F053A-9986-452C-93AD-A444A38CF623}.Release|x86.ActiveCfg = Release|Win32
		{E90F053A-9986-452C-93AD-A444A38CF623}.Release|x86.Build.0 = Release|Win32
		{26B29069-525A-4F4E-A2F7-A3F77674C2A6}.Debug|x64.ActiveCfg = Debug|x64
		{26B29069-525A-4F4E-A2F7-A3F77674C2A6}.Debug|x64.Build.0 = Debug|x64
		{26B29069-525A-4F4E-A2F7-A3F77674C2A6}.Debug|x86.ActiveCfg = Debug|Win32
		{26B29069-525A-4F4E-A2F7-A3F77674C2A6}.Debug|x86.Build.0 = Debug|Win32
		{26B29069-525A-4F4E-A2F7-A3F77674C2A6}.Release|x64.ActiveCfg = Release|x64
		{26B29069-525A-4F4E-A2F7-A3F77674C2A6}.Release|x64.Build.0 = Release|x64
		{26B29069-525A-4F4E-A2F7-A3F77674C2A6}.Release|x86.ActiveCfg = Release|Win32
		{26B29069-525A-4F4E-A2F7-A3F77674C2A6}.Release|x86.Build.0 = Release|Win32
	EndGlobalSection
	GlobalSection(SolutionProperties) = preSolution
		HideSolutionNode = FALSE
	EndGlobalSection
	GlobalSection(ExtensibilityGlobals) = postSolution
		SolutionGuid = {8B3D0F88-7410-4D73-BFD5-1E6CE4B5C93C}
	EndGlobalSection
EndGlobal
